
Microsoft Visual Studio Solution File, Format Version 12.00
# Visual Studio Version 16
VisualStudioVersion = 16.0.31005.135
MinimumVisualStudioVersion = 10.0.40219.1
Project("{FAE04EC0-301F-11D3-BF4B-00C04F79EFBC}") = "ClassMethodDemo", "ClassMethodDemo\ClassMethodDemo.csproj", "{2257C044-1936-4549-A8B2-953AEAF1702F}"
EndProject
Global
	GlobalSection(SolutionConfigurationPlatforms) = preSolution
		Debug|Any CPU = Debug|Any CPU
		Release|Any CPU = Release|Any CPU
	EndGlobalSection
	GlobalSection(ProjectConfigurationPlatforms) = postSolution
		{2257C044-1936-4549-A8B2-953AEAF1702F}.Debug|Any CPU.ActiveCfg = Debug|Any CPU
		{2257C044-1936-4549-A8B2-953AEAF1702F}.Debug|Any CPU.Build.0 = Debug|Any CPU
		{2257C044-1936-4549-A8B2-953AEAF1702F}.Release|Any CPU.ActiveCfg = Release|Any CPU
		{2257C044-1936-4549-A8B2-953AEAF1702F}.Release|Any CPU.Build.0 = Release|Any CPU
	EndGlobalSection
	GlobalSection(SolutionProperties) = preSolution
		HideSolutionNode = FALSE
	EndGlobalSection
	GlobalSection(ExtensibilityGlobals) = postSolution
		SolutionGuid = {93D88EAF-4FCC-4C00-914A-ECC0C3BCD18A}
	EndGlobalSection
EndGlobal
